// !$*UTF8*$!
{
	archiveVersion = 1;
	classes = {
	};
	objectVersion = 46;
	objects = {

/* Begin PBXBuildFile section */
		043EC8121EF7ACEB008E9D35 /* AppDelegate.swift in Sources */ = {isa = PBXBuildFile; fileRef = 043EC8111EF7ACEB008E9D35 /* AppDelegate.swift */; };
		043EC8171EF7ACEB008E9D35 /* Main.storyboard in Resources */ = {isa = PBXBuildFile; fileRef = 043EC8151EF7ACEB008E9D35 /* Main.storyboard */; };
		043EC8191EF7ACEB008E9D35 /* Assets.xcassets in Resources */ = {isa = PBXBuildFile; fileRef = 043EC8181EF7ACEB008E9D35 /* Assets.xcassets */; };
		043EC81C1EF7ACEB008E9D35 /* LaunchScreen.storyboard in Resources */ = {isa = PBXBuildFile; fileRef = 043EC81A1EF7ACEB008E9D35 /* LaunchScreen.storyboard */; };
		043EC8241EF7AE82008E9D35 /* InitialViewController.swift in Sources */ = {isa = PBXBuildFile; fileRef = 043EC8231EF7AE82008E9D35 /* InitialViewController.swift */; };
		043EC8261EF7AFA1008E9D35 /* SignUpViewController.swift in Sources */ = {isa = PBXBuildFile; fileRef = 043EC8251EF7AFA1008E9D35 /* SignUpViewController.swift */; };
		043EC8291EF7B172008E9D35 /* MainTableViewController.swift in Sources */ = {isa = PBXBuildFile; fileRef = 043EC8281EF7B172008E9D35 /* MainTableViewController.swift */; };
		043EC82B1EF7B1A4008E9D35 /* DishesTableViewCell.swift in Sources */ = {isa = PBXBuildFile; fileRef = 043EC82A1EF7B1A4008E9D35 /* DishesTableViewCell.swift */; };
		043EC82D1EF7B1B8008E9D35 /* Meals.swift in Sources */ = {isa = PBXBuildFile; fileRef = 043EC82C1EF7B1B8008E9D35 /* Meals.swift */; };
		043EC82F1EF7B279008E9D35 /* DishesViewController.swift in Sources */ = {isa = PBXBuildFile; fileRef = 043EC82E1EF7B279008E9D35 /* DishesViewController.swift */; };
/* End PBXBuildFile section */

/* Begin PBXFileReference section */
		043EC80E1EF7ACEB008E9D35 /* MultipleStarterProject.app */ = {isa = PBXFileReference; explicitFileType = wrapper.application; includeInIndex = 0; path = MultipleStarterProject.app; sourceTree = BUILT_PRODUCTS_DIR; };
		043EC8111EF7ACEB008E9D35 /* AppDelegate.swift */ = {isa = PBXFileReference; lastKnownFileType = sourcecode.swift; path = AppDelegate.swift; sourceTree = "<group>"; };
		043EC8161EF7ACEB008E9D35 /* Base */ = {isa = PBXFileReference; lastKnownFileType = file.storyboard; name = Base; path = Base.lproj/Main.storyboard; sourceTree = "<group>"; };
		043EC8181EF7ACEB008E9D35 /* Assets.xcassets */ = {isa = PBXFileReference; lastKnownFileType = folder.assetcatalog; path = Assets.xcassets; sourceTree = "<group>"; };
		043EC81B1EF7ACEB008E9D35 /* Base */ = {isa = PBXFileReference; lastKnownFileType = file.storyboard; name = Base; path = Base.lproj/LaunchScreen.storyboard; sourceTree = "<group>"; };
		043EC81D1EF7ACEB008E9D35 /* Info.plist */ = {isa = PBXFileReference; lastKnownFileType = text.plist.xml; path = Info.plist; sourceTree = "<group>"; };
		043EC8231EF7AE82008E9D35 /* InitialViewController.swift */ = {isa = PBXFileReference; fileEncoding = 4; lastKnownFileType = sourcecode.swift; path = InitialViewController.swift; sourceTree = "<group>"; };
		043EC8251EF7AFA1008E9D35 /* SignUpViewController.swift */ = {isa = PBXFileReference; fileEncoding = 4; lastKnownFileType = sourcecode.swift; path = SignUpViewController.swift; sourceTree = "<group>"; };
		043EC8281EF7B172008E9D35 /* MainTableViewController.swift */ = {isa = PBXFileReference; fileEncoding = 4; lastKnownFileType = sourcecode.swift; path = MainTableViewController.swift; sourceTree = "<group>"; };
		043EC82A1EF7B1A4008E9D35 /* DishesTableViewCell.swift */ = {isa = PBXFileReference; fileEncoding = 4; lastKnownFileType = sourcecode.swift; path = DishesTableViewCell.swift; sourceTree = "<group>"; };
		043EC82C1EF7B1B8008E9D35 /* Meals.swift */ = {isa = PBXFileReference; fileEncoding = 4; lastKnownFileType = sourcecode.swift; path = Meals.swift; sourceTree = "<group>"; };
		043EC82E1EF7B279008E9D35 /* DishesViewController.swift */ = {isa = PBXFileReference; fileEncoding = 4; lastKnownFileType = sourcecode.swift; path = DishesViewController.swift; sourceTree = "<group>"; };
/* End PBXFileReference section */

/* Begin PBXFrameworksBuildPhase section */
		043EC80B1EF7ACEB008E9D35 /* Frameworks */ = {
			isa = PBXFrameworksBuildPhase;
			buildActionMask = 2147483647;
			files = (
			);
			runOnlyForDeploymentPostprocessing = 0;
		};
/* End PBXFrameworksBuildPhase section */

/* Begin PBXGroup section */
		043EC8051EF7ACEB008E9D35 = {
			isa = PBXGroup;
			children = (
				043EC8101EF7ACEB008E9D35 /* MultipleStarterProject */,
				043EC80F1EF7ACEB008E9D35 /* Products */,
			);
			sourceTree = "<group>";
		};
		043EC80F1EF7ACEB008E9D35 /* Products */ = {
			isa = PBXGroup;
			children = (
				043EC80E1EF7ACEB008E9D35 /* MultipleStarterProject.app */,
			);
			name = Products;
			sourceTree = "<group>";
		};
		043EC8101EF7ACEB008E9D35 /* MultipleStarterProject */ = {
			isa = PBXGroup;
			children = (
				043EC8111EF7ACEB008E9D35 /* AppDelegate.swift */,
				043EC8231EF7AE82008E9D35 /* InitialViewController.swift */,
				043EC8251EF7AFA1008E9D35 /* SignUpViewController.swift */,
				043EC8271EF7B154008E9D35 /* Split */,
				043EC82E1EF7B279008E9D35 /* DishesViewController.swift */,
				043EC8151EF7ACEB008E9D35 /* Main.storyboard */,
				043EC8181EF7ACEB008E9D35 /* Assets.xcassets */,
				043EC81A1EF7ACEB008E9D35 /* LaunchScreen.storyboard */,
				043EC81D1EF7ACEB008E9D35 /* Info.plist */,
			);
			path = MultipleStarterProject;
			sourceTree = "<group>";
		};
		043EC8271EF7B154008E9D35 /* Split */ = {
			isa = PBXGroup;
			children = (
				043EC8281EF7B172008E9D35 /* MainTableViewController.swift */,
				043EC82A1EF7B1A4008E9D35 /* DishesTableViewCell.swift */,
				043EC82C1EF7B1B8008E9D35 /* Meals.swift */,
			);
			name = Split;
			sourceTree = "<group>";
		};
/* End PBXGroup section */

/* Begin PBXNativeTarget section */
		043EC80D1EF7ACEB008E9D35 /* MultipleStarterProject */ = {
			isa = PBXNativeTarget;
			buildConfigurationList = 043EC8201EF7ACEB008E9D35 /* Build configuration list for PBXNativeTarget "MultipleStarterProject" */;
			buildPhases = (
				043EC80A1EF7ACEB008E9D35 /* Sources */,
				043EC80B1EF7ACEB008E9D35 /* Frameworks */,
				043EC80C1EF7ACEB008E9D35 /* Resources */,
			);
			buildRules = (
			);
			dependencies = (
			);
			name = MultipleStarterProject;
			productName = MultipleStarterProject;
			productReference = 043EC80E1EF7ACEB008E9D35 /* MultipleStarterProject.app */;
			productType = "com.apple.product-type.application";
		};
/* End PBXNativeTarget section */

/* Begin PBXProject section */
		043EC8061EF7ACEB008E9D35 /* Project object */ = {
			isa = PBXProject;
			attributes = {
				LastSwiftUpdateCheck = 0830;
				LastUpgradeCheck = 0830;
				ORGANIZATIONNAME = Mac;
				TargetAttributes = {
					043EC80D1EF7ACEB008E9D35 = {
						CreatedOnToolsVersion = 8.3.3;
						DevelopmentTeam = VJGEDW5SA9;
						ProvisioningStyle = Automatic;
					};
				};
			};
			buildConfigurationList = 043EC8091EF7ACEB008E9D35 /* Build configuration list for PBXProject "MultipleStarterProject" */;
			compatibilityVersion = "Xcode 3.2";
			developmentRegion = English;
			hasScannedForEncodings = 0;
			knownRegions = (
				en,
				Base,
			);
			mainGroup = 043EC8051EF7ACEB008E9D35;
			productRefGroup = 043EC80F1EF7ACEB008E9D35 /* Products */;
			projectDirPath = "";
			projectRoot = "";
			targets = (
				043EC80D1EF7ACEB008E9D35 /* MultipleStarterProject */,
			);
		};
/* End PBXProject section */

/* Begin PBXResourcesBuildPhase section */
		043EC80C1EF7ACEB008E9D35 /* Resources */ = {
			isa = PBXResourcesBuildPhase;
			buildActionMask = 2147483647;
			files = (
				043EC81C1EF7ACEB008E9D35 /* LaunchScreen.storyboard in Resources */,
				043EC8191EF7ACEB008E9D35 /* Assets.xcassets in Resources */,
				043EC8171EF7ACEB008E9D35 /* Main.storyboard in Resources */,
			);
			runOnlyForDeploymentPostprocessing = 0;
		};
/* End PBXResourcesBuildPhase section */

/* Begin PBXSourcesBuildPhase section */
		043EC80A1EF7ACEB008E9D35 /* Sources */ = {
			isa = PBXSourcesBuildPhase;
			buildActionMask = 2147483647;
			files = (
				043EC82D1EF7B1B8008E9D35 /* Meals.swift in Sources */,
				043EC8291EF7B172008E9D35 /* MainTableViewController.swift in Sources */,
				043EC8261EF7AFA1008E9D35 /* SignUpViewController.swift in Sources */,
				043EC82F1EF7B279008E9D35 /* DishesViewController.swift in Sources */,
				043EC8241EF7AE82008E9D35 /* InitialViewController.swift in Sources */,
				043EC82B1EF7B1A4008E9D35 /* DishesTableViewCell.swift in Sources */,
				043EC8121EF7ACEB008E9D35 /* AppDelegate.swift in Sources */,
			);
			runOnlyForDeploymentPostprocessing = 0;
		};
/* End PBXSourcesBuildPhase section */

/* Begin PBXVariantGroup section */
		043EC8151EF7ACEB008E9D35 /* Main.storyboard */ = {
			isa = PBXVariantGroup;
			children = (
				043EC8161EF7ACEB008E9D35 /* Base */,
			);
			name = Main.storyboard;
			sourceTree = "<group>";
		};
		043EC81A1EF7ACEB008E9D35 /* LaunchScreen.storyboard */ = {
			isa = PBXVariantGroup;
			children = (
				043EC81B1EF7ACEB008E9D35 /* Base */,
			);
			name = LaunchScreen.storyboard;
			sourceTree = "<group>";
		};
/* End PBXVariantGroup section */

/* Begin XCBuildConfiguration section */
		043EC81E1EF7ACEB008E9D35 /* Debug */ = {
			isa = XCBuildConfiguration;
			buildSettings = {
				ALWAYS_SEARCH_USER_PATHS = NO;
				CLANG_ANALYZER_NONNULL = YES;
				CLANG_ANALYZER_NUMBER_OBJECT_CONVERSION = YES_AGGRESSIVE;
				CLANG_CXX_LANGUAGE_STANDARD = "gnu++0x";
				CLANG_CXX_LIBRARY = "libc++";
				CLANG_ENABLE_MODULES = YES;
				CLANG_ENABLE_OBJC_ARC = YES;
				CLANG_WARN_BOOL_CONVERSION = YES;
				CLANG_WARN_CONSTANT_CONVERSION = YES;
				CLANG_WARN_DIRECT_OBJC_ISA_USAGE = YES_ERROR;
				CLANG_WARN_DOCUMENTATION_COMMENTS = YES;
				CLANG_WARN_EMPTY_BODY = YES;
				CLANG_WARN_ENUM_CONVERSION = YES;
				CLANG_WARN_INFINITE_RECURSION = YES;
				CLANG_WARN_INT_CONVERSION = YES;
				CLANG_WARN_OBJC_ROOT_CLASS = YES_ERROR;
				CLANG_WARN_SUSPICIOUS_MOVE = YES;
				CLANG_WARN_UNREACHABLE_CODE = YES;
				CLANG_WARN__DUPLICATE_METHOD_MATCH = YES;
				"CODE_SIGN_IDENTITY[sdk=iphoneos*]" = "iPhone Developer";
				COPY_PHASE_STRIP = NO;
				DEBUG_INFORMATION_FORMAT = dwarf;
				ENABLE_STRICT_OBJC_MSGSEND = YES;
				ENABLE_TESTABILITY = YES;
				GCC_C_LANGUAGE_STANDARD = gnu99;
				GCC_DYNAMIC_NO_PIC = NO;
				GCC_NO_COMMON_BLOCKS = YES;
				GCC_OPTIMIZATION_LEVEL = 0;
				GCC_PREPROCESSOR_DEFINITIONS = (
					"DEBUG=1",
					"$(inherited)",
				);
				GCC_WARN_64_TO_32_BIT_CONVERSION = YES;
				GCC_WARN_ABOUT_RETURN_TYPE = YES_ERROR;
				GCC_WARN_UNDECLARED_SELECTOR = YES;
				GCC_WARN_UNINITIALIZED_AUTOS = YES_AGGRESSIVE;
				GCC_WARN_UNUSED_FUNCTION = YES;
				GCC_WARN_UNUSED_VARIABLE = YES;
				IPHONEOS_DEPLOYMENT_TARGET = 10.3;
				MTL_ENABLE_DEBUG_INFO = YES;
				ONLY_ACTIVE_ARCH = YES;
				SDKROOT = iphoneos;
				SWIFT_ACTIVE_COMPILATION_CONDITIONS = DEBUG;
				SWIFT_OPTIMIZATION_LEVEL = "-Onone";
				TARGETED_DEVICE_FAMILY = "1,2";
			};
			name = Debug;
		};
		043EC81F1EF7ACEB008E9D35 /* Release */ = {
			isa = XCBuildConfiguration;
			buildSettings = {
				ALWAYS_SEARCH_USER_PATHS = NO;
				CLANG_ANALYZER_NONNULL = YES;
				CLANG_ANALYZER_NUMBER_OBJECT_CONVERSION = YES_AGGRESSIVE;
				CLANG_CXX_LANGUAGE_STANDARD = "gnu++0x";
				CLANG_CXX_LIBRARY = "libc++";
				CLANG_ENABLE_MODULES = YES;
				CLANG_ENABLE_OBJC_ARC = YES;
				CLANG_WARN_BOOL_CONVERSION = YES;
				CLANG_WARN_CONSTANT_CONVERSION = YES;
				CLANG_WARN_DIRECT_OBJC_ISA_USAGE = YES_ERROR;
				CLANG_WARN_DOCUMENTATION_COMMENTS = YES;
				CLANG_WARN_EMPTY_BODY = YES;
				CLANG_WARN_ENUM_CONVERSION = YES;
				CLANG_WARN_INFINITE_RECURSION = YES;
				CLANG_WARN_INT_CONVERSION = YES;
				CLANG_WARN_OBJC_ROOT_CLASS = YES_ERROR;
				CLANG_WARN_SUSPICIOUS_MOVE = YES;
				CLANG_WARN_UNREACHABLE_CODE = YES;
				CLANG_WARN__DUPLICATE_METHOD_MATCH = YES;
				"CODE_SIGN_IDENTITY[sdk=iphoneos*]" = "iPhone Developer";
				COPY_PHASE_STRIP = NO;
				DEBUG_INFORMATION_FORMAT = "dwarf-with-dsym";
				ENABLE_NS_ASSERTIONS = NO;
				ENABLE_STRICT_OBJC_MSGSEND = YES;
				GCC_C_LANGUAGE_STANDARD = gnu99;
				GCC_NO_COMMON_BLOCKS = YES;
				GCC_WARN_64_TO_32_BIT_CONVERSION = YES;
				GCC_WARN_ABOUT_RETURN_TYPE = YES_ERROR;
				GCC_WARN_UNDECLARED_SELECTOR = YES;
				GCC_WARN_UNINITIALIZED_AUTOS = YES_AGGRESSIVE;
				GCC_WARN_UNUSED_FUNCTION = YES;
				GCC_WARN_UNUSED_VARIABLE = YES;
				IPHONEOS_DEPLOYMENT_TARGET = 10.3;
				MTL_ENABLE_DEBUG_INFO = NO;
				SDKROOT = iphoneos;
				SWIFT_OPTIMIZATION_LEVEL = "-Owholemodule";
				TARGETED_DEVICE_FAMILY = "1,2";
				VALIDATE_PRODUCT = YES;
			};
			name = Release;
		};
		043EC8211EF7ACEB008E9D35 /* Debug */ = {
			isa = XCBuildConfiguration;
			buildSettings = {
				ASSETCATALOG_COMPILER_APPICON_NAME = AppIcon;
				DEVELOPMENT_TEAM = VJGEDW5SA9;
				INFOPLIST_FILE = MultipleStarterProject/Info.plist;
				LD_RUNPATH_SEARCH_PATHS = "$(inherited) @executable_path/Frameworks";
				PRODUCT_BUNDLE_IDENTIFIER = com.sunnylee945.MultipleStarterProject;
				PRODUCT_NAME = "$(TARGET_NAME)";
				SWIFT_VERSION = 3.0;
			};
			name = Debug;
		};
		043EC8221EF7ACEB008E9D35 /* Release */ = {
			isa = XCBuildConfiguration;
			buildSettings = {
				ASSETCATALOG_COMPILER_APPICON_NAME = AppIcon;
				DEVELOPMENT_TEAM = VJGEDW5SA9;
				INFOPLIST_FILE = MultipleStarterProject/Info.plist;
				LD_RUNPATH_SEARCH_PATHS = "$(inherited) @executable_path/Frameworks";
				PRODUCT_BUNDLE_IDENTIFIER = com.sunnylee945.MultipleStarterProject;
				PRODUCT_NAME = "$(TARGET_NAME)";
				SWIFT_VERSION = 3.0;
			};
			name = Release;
		};
/* End XCBuildConfiguration section */

/* Begin XCConfigurationList section */
		043EC8091EF7ACEB008E9D35 /* Build configuration list for PBXProject "MultipleStarterProject" */ = {
			isa = XCConfigurationList;
			buildConfigurations = (
				043EC81E1EF7ACEB008E9D35 /* Debug */,
				043EC81F1EF7ACEB008E9D35 /* Release */,
			);
			defaultConfigurationIsVisible = 0;
			defaultConfigurationName = Release;
		};
		043EC8201EF7ACEB008E9D35 /* Build configuration list for PBXNativeTarget "MultipleStarterProject" */ = {
			isa = XCConfigurationList;
			buildConfigurations = (
				043EC8211EF7ACEB008E9D35 /* Debug */,
				043EC8221EF7ACEB008E9D35 /* Release */,
			);
			defaultConfigurationIsVisible = 0;
		};
/* End XCConfigurationList section */
	};
	rootObject = 043EC8061EF7ACEB008E9D35 /* Project object */;
}
